
Microsoft Visual Studio Solution File, Format Version 12.00
# Visual Studio Version 17
VisualStudioVersion = 17.4.33205.214
MinimumVisualStudioVersion = 10.0.40219.1
Project("{9A19103F-16F7-4668-BE54-9A1E7A4F7556}") = "NMinify", "Core\NMinify.csproj", "{BF836001-D6E9-4D80-B249-FD8DF1491E8B}"
EndProject
Project("{FAE04EC0-301F-11D3-BF4B-00C04F79EFBC}") = "NMinify.ConsoleTest", "ConsoleTest\NMinify.ConsoleTest\NMinify.ConsoleTest.csproj", "{D1E4C592-CA69-4F73-9551-430BEF6A7B5F}"
EndProject
Global
	GlobalSection(SolutionConfigurationPlatforms) = preSolution
		Debug|Any CPU = Debug|Any CPU
		Release|Any CPU = Release|Any CPU
	EndGlobalSection
	GlobalSection(ProjectConfigurationPlatforms) = postSolution
		{BF836001-D6E9-4D80-B249-FD8DF1491E8B}.Debug|Any CPU.ActiveCfg = Debug|Any CPU
		{BF836001-D6E9-4D80-B249-FD8DF1491E8B}.Debug|Any CPU.Build.0 = Debug|Any CPU
		{BF836001-D6E9-4D80-B249-FD8DF1491E8B}.Release|Any CPU.ActiveCfg = Release|Any CPU
		{BF836001-D6E9-4D80-B249-FD8DF1491E8B}.Release|Any CPU.Build.0 = Release|Any CPU
		{D1E4C592-CA69-4F73-9551-430BEF6A7B5F}.Debug|Any CPU.ActiveCfg = Debug|Any CPU
		{D1E4C592-CA69-4F73-9551-430BEF6A7B5F}.Debug|Any CPU.Build.0 = Debug|Any CPU
		{D1E4C592-CA69-4F73-9551-430BEF6A7B5F}.Release|Any CPU.ActiveCfg = Release|Any CPU
		{D1E4C592-CA69-4F73-9551-430BEF6A7B5F}.Release|Any CPU.Build.0 = Release|Any CPU
	EndGlobalSection
	GlobalSection(SolutionProperties) = preSolution
		HideSolutionNode = FALSE
	EndGlobalSection
	GlobalSection(ExtensibilityGlobals) = postSolution
		SolutionGuid = {7C50A021-D0F8-4BDA-B5B7-61B5D1D30FD9}
	EndGlobalSection
EndGlobal
